// !$*UTF8*$!
{
	archiveVersion = 1;
	classes = {
	};
	objectVersion = 55;
	objects = {

/* Begin PBXBuildFile section */
		715FD4D6271498980018E57A /* AppDelegate.swift in Sources */ = {isa = PBXBuildFile; fileRef = 715FD4D5271498980018E57A /* AppDelegate.swift */; };
		715FD4D8271498980018E57A /* SceneDelegate.swift in Sources */ = {isa = PBXBuildFile; fileRef = 715FD4D7271498980018E57A /* SceneDelegate.swift */; };
		715FD4DA271498980018E57A /* ViewController.swift in Sources */ = {isa = PBXBuildFile; fileRef = 715FD4D9271498980018E57A /* ViewController.swift */; };
		715FD4DD271498980018E57A /* Main.storyboard in Resources */ = {isa = PBXBuildFile; fileRef = 715FD4DB271498980018E57A /* Main.storyboard */; };
		715FD4DF2714989A0018E57A /* Assets.xcassets in Resources */ = {isa = PBXBuildFile; fileRef = 715FD4DE2714989A0018E57A /* Assets.xcassets */; };
		715FD4E22714989A0018E57A /* LaunchScreen.storyboard in Resources */ = {isa = PBXBuildFile; fileRef = 715FD4E02714989A0018E57A /* LaunchScreen.storyboard */; };
		71CACDDD271991660013274A /* dorofeeva_-_nevesta.mp3 in Resources */ = {isa = PBXBuildFile; fileRef = 71CACDDC271991660013274A /* dorofeeva_-_nevesta.mp3 */; };
		71CACDDF271997B90013274A /* OneRepublic - Love Runs Out (Official Music Video).mp4 in Resources */ = {isa = PBXBuildFile; fileRef = 71CACDDE271997B90013274A /* OneRepublic - Love Runs Out (Official Music Video).mp4 */; };
/* End PBXBuildFile section */

/* Begin PBXFileReference section */
		715FD4D2271498980018E57A /* Lesson_22.app */ = {isa = PBXFileReference; explicitFileType = wrapper.application; includeInIndex = 0; path = Lesson_22.app; sourceTree = BUILT_PRODUCTS_DIR; };
		715FD4D5271498980018E57A /* AppDelegate.swift */ = {isa = PBXFileReference; lastKnownFileType = sourcecode.swift; path = AppDelegate.swift; sourceTree = "<group>"; };
		715FD4D7271498980018E57A /* SceneDelegate.swift */ = {isa = PBXFileReference; lastKnownFileType = sourcecode.swift; path = SceneDelegate.swift; sourceTree = "<group>"; };
		715FD4D9271498980018E57A /* ViewController.swift */ = {isa = PBXFileReference; lastKnownFileType = sourcecode.swift; path = ViewController.swift; sourceTree = "<group>"; };
		715FD4DC271498980018E57A /* Base */ = {isa = PBXFileReference; lastKnownFileType = file.storyboard; name = Base; path = Base.lproj/Main.storyboard; sourceTree = "<group>"; };
		715FD4DE2714989A0018E57A /* Assets.xcassets */ = {isa = PBXFileReference; lastKnownFileType = folder.assetcatalog; path = Assets.xcassets; sourceTree = "<group>"; };
		715FD4E12714989A0018E57A /* Base */ = {isa = PBXFileReference; lastKnownFileType = file.storyboard; name = Base; path = Base.lproj/LaunchScreen.storyboard; sourceTree = "<group>"; };
		715FD4E32714989A0018E57A /* Info.plist */ = {isa = PBXFileReference; lastKnownFileType = text.plist.xml; path = Info.plist; sourceTree = "<group>"; };
		71CACDDC271991660013274A /* dorofeeva_-_nevesta.mp3 */ = {isa = PBXFileReference; lastKnownFileType = audio.mp3; path = "dorofeeva_-_nevesta.mp3"; sourceTree = "<group>"; };
		71CACDDE271997B90013274A /* OneRepublic - Love Runs Out (Official Music Video).mp4 */ = {isa = PBXFileReference; lastKnownFileType = file; path = "OneRepublic - Love Runs Out (Official Music Video).mp4"; sourceTree = "<group>"; };
/* End PBXFileReference section */

/* Begin PBXFrameworksBuildPhase section */
		715FD4CF271498980018E57A /* Frameworks */ = {
			isa = PBXFrameworksBuildPhase;
			buildActionMask = 2147483647;
			files = (
			);
			runOnlyForDeploymentPostprocessing = 0;
		};
/* End PBXFrameworksBuildPhase section */

/* Begin PBXGroup section */
		715FD4C9271498980018E57A = {
			isa = PBXGroup;
			children = (
				715FD4D4271498980018E57A /* Lesson_22 */,
				715FD4D3271498980018E57A /* Products */,
			);
			sourceTree = "<group>";
		};
		715FD4D3271498980018E57A /* Products */ = {
			isa = PBXGroup;
			children = (
				715FD4D2271498980018E57A /* Lesson_22.app */,
			);
			name = Products;
			sourceTree = "<group>";
		};
		715FD4D4271498980018E57A /* Lesson_22 */ = {
			isa = PBXGroup;
			children = (
				715FD4D5271498980018E57A /* AppDelegate.swift */,
				715FD4D7271498980018E57A /* SceneDelegate.swift */,
				715FD4D9271498980018E57A /* ViewController.swift */,
				715FD4DB271498980018E57A /* Main.storyboard */,
				715FD4DE2714989A0018E57A /* Assets.xcassets */,
				715FD4E02714989A0018E57A /* LaunchScreen.storyboard */,
				715FD4E92714AA7E0018E57A /* Resource */,
				715FD4E32714989A0018E57A /* Info.plist */,
			);
			path = Lesson_22;
			sourceTree = "<group>";
		};
		715FD4E92714AA7E0018E57A /* Resource */ = {
			isa = PBXGroup;
			children = (
				71CACDDC271991660013274A /* dorofeeva_-_nevesta.mp3 */,
				71CACDDE271997B90013274A /* OneRepublic - Love Runs Out (Official Music Video).mp4 */,
			);
			path = Resource;
			sourceTree = "<group>";
		};
/* End PBXGroup section */

/* Begin PBXNativeTarget section */
		715FD4D1271498980018E57A /* Lesson_22 */ = {
			isa = PBXNativeTarget;
			buildConfigurationList = 715FD4E62714989A0018E57A /* Build configuration list for PBXNativeTarget "Lesson_22" */;
			buildPhases = (
				715FD4CE271498980018E57A /* Sources */,
				715FD4CF271498980018E57A /* Frameworks */,
				715FD4D0271498980018E57A /* Resources */,
			);
			buildRules = (
			);
			dependencies = (
			);
			name = Lesson_22;
			productName = Lesson_22;
			productReference = 715FD4D2271498980018E57A /* Lesson_22.app */;
			productType = "com.apple.product-type.application";
		};
/* End PBXNativeTarget section */

/* Begin PBXProject section */
		715FD4CA271498980018E57A /* Project object */ = {
			isa = PBXProject;
			attributes = {
				BuildIndependentTargetsInParallel = 1;
				LastSwiftUpdateCheck = 1300;
				LastUpgradeCheck = 1300;
				TargetAttributes = {
					715FD4D1271498980018E57A = {
						CreatedOnToolsVersion = 13.0;
					};
				};
			};
			buildConfigurationList = 715FD4CD271498980018E57A /* Build configuration list for PBXProject "Lesson_22" */;
			compatibilityVersion = "Xcode 13.0";
			developmentRegion = en;
			hasScannedForEncodings = 0;
			knownRegions = (
				en,
				Base,
			);
			mainGroup = 715FD4C9271498980018E57A;
			productRefGroup = 715FD4D3271498980018E57A /* Products */;
			projectDirPath = "";
			projectRoot = "";
			targets = (
				715FD4D1271498980018E57A /* Lesson_22 */,
			);
		};
/* End PBXProject section */

/* Begin PBXResourcesBuildPhase section */
		715FD4D0271498980018E57A /* Resources */ = {
			isa = PBXResourcesBuildPhase;
			buildActionMask = 2147483647;
			files = (
				715FD4E22714989A0018E57A /* LaunchScreen.storyboard in Resources */,
				71CACDDD271991660013274A /* dorofeeva_-_nevesta.mp3 in Resources */,
				715FD4DF2714989A0018E57A /* Assets.xcassets in Resources */,
				715FD4DD271498980018E57A /* Main.storyboard in Resources */,
				71CACDDF271997B90013274A /* OneRepublic - Love Runs Out (Official Music Video).mp4 in Resources */,
			);
			runOnlyForDeploymentPostprocessing = 0;
		};
/* End PBXResourcesBuildPhase section */

/* Begin PBXSourcesBuildPhase section */
		715FD4CE271498980018E57A /* Sources */ = {
			isa = PBXSourcesBuildPhase;
			buildActionMask = 2147483647;
			files = (
				715FD4DA271498980018E57A /* ViewController.swift in Sources */,
				715FD4D6271498980018E57A /* AppDelegate.swift in Sources */,
				715FD4D8271498980018E57A /* SceneDelegate.swift in Sources */,
			);
			runOnlyForDeploymentPostprocessing = 0;
		};
/* End PBXSourcesBuildPhase section */

/* Begin PBXVariantGroup section */
		715FD4DB271498980018E57A /* Main.storyboard */ = {
			isa = PBXVariantGroup;
			children = (
				715FD4DC271498980018E57A /* Base */,
			);
			name = Main.storyboard;
			sourceTree = "<group>";
		};
		715FD4E02714989A0018E57A /* LaunchScreen.storyboard */ = {
			isa = PBXVariantGroup;
			children = (
				715FD4E12714989A0018E57A /* Base */,
			);
			name = LaunchScreen.storyboard;
			sourceTree = "<group>";
		};
/* End PBXVariantGroup section */

/* Begin XCBuildConfiguration section */
		715FD4E42714989A0018E57A /* Debug */ = {
			isa = XCBuildConfiguration;
			buildSettings = {
				ALWAYS_SEARCH_USER_PATHS = NO;
				CLANG_ANALYZER_NONNULL = YES;
				CLANG_ANALYZER_NUMBER_OBJECT_CONVERSION = YES_AGGRESSIVE;
				CLANG_CXX_LANGUAGE_STANDARD = "gnu++17";
				CLANG_CXX_LIBRARY = "libc++";
				CLANG_ENABLE_MODULES = YES;
				CLANG_ENABLE_OBJC_ARC = YES;
				CLANG_ENABLE_OBJC_WEAK = YES;
				CLANG_WARN_BLOCK_CAPTURE_AUTORELEASING = YES;
				CLANG_WARN_BOOL_CONVERSION = YES;
				CLANG_WARN_COMMA = YES;
				CLANG_WARN_CONSTANT_CONVERSION = YES;
				CLANG_WARN_DEPRECATED_OBJC_IMPLEMENTATIONS = YES;
				CLANG_WARN_DIRECT_OBJC_ISA_USAGE = YES_ERROR;
				CLANG_WARN_DOCUMENTATION_COMMENTS = YES;
				CLANG_WARN_EMPTY_BODY = YES;
				CLANG_WARN_ENUM_CONVERSION = YES;
				CLANG_WARN_INFINITE_RECURSION = YES;
				CLANG_WARN_INT_CONVERSION = YES;
				CLANG_WARN_NON_LITERAL_NULL_CONVERSION = YES;
				CLANG_WARN_OBJC_IMPLICIT_RETAIN_SELF = YES;
				CLANG_WARN_OBJC_LITERAL_CONVERSION = YES;
				CLANG_WARN_OBJC_ROOT_CLASS = YES_ERROR;
				CLANG_WARN_QUOTED_INCLUDE_IN_FRAMEWORK_HEADER = YES;
				CLANG_WARN_RANGE_LOOP_ANALYSIS = YES;
				CLANG_WARN_STRICT_PROTOTYPES = YES;
				CLANG_WARN_SUSPICIOUS_MOVE = YES;
				CLANG_WARN_UNGUARDED_AVAILABILITY = YES_AGGRESSIVE;
				CLANG_WARN_UNREACHABLE_CODE = YES;
				CLANG_WARN__DUPLICATE_METHOD_MATCH = YES;
				COPY_PHASE_STRIP = NO;
				DEBUG_INFORMATION_FORMAT = dwarf;
				ENABLE_STRICT_OBJC_MSGSEND = YES;
				ENABLE_TESTABILITY = YES;
				GCC_C_LANGUAGE_STANDARD = gnu11;
				GCC_DYNAMIC_NO_PIC = NO;
				GCC_NO_COMMON_BLOCKS = YES;
				GCC_OPTIMIZATION_LEVEL = 0;
				GCC_PREPROCESSOR_DEFINITIONS = (
					"DEBUG=1",
					"$(inherited)",
				);
				GCC_WARN_64_TO_32_BIT_CONVERSION = YES;
				GCC_WARN_ABOUT_RETURN_TYPE = YES_ERROR;
				GCC_WARN_UNDECLARED_SELECTOR = YES;
				GCC_WARN_UNINITIALIZED_AUTOS = YES_AGGRESSIVE;
				GCC_WARN_UNUSED_FUNCTION = YES;
				GCC_WARN_UNUSED_VARIABLE = YES;
				IPHONEOS_DEPLOYMENT_TARGET = 15.0;
				MTL_ENABLE_DEBUG_INFO = INCLUDE_SOURCE;
				MTL_FAST_MATH = YES;
				ONLY_ACTIVE_ARCH = YES;
				SDKROOT = iphoneos;
				SWIFT_ACTIVE_COMPILATION_CONDITIONS = DEBUG;
				SWIFT_OPTIMIZATION_LEVEL = "-Onone";
			};
			name = Debug;
		};
		715FD4E52714989A0018E57A /* Release */ = {
			isa = XCBuildConfiguration;
			buildSettings = {
				ALWAYS_SEARCH_USER_PATHS = NO;
				CLANG_ANALYZER_NONNULL = YES;
				CLANG_ANALYZER_NUMBER_OBJECT_CONVERSION = YES_AGGRESSIVE;
				CLANG_CXX_LANGUAGE_STANDARD = "gnu++17";
				CLANG_CXX_LIBRARY = "libc++";
				CLANG_ENABLE_MODULES = YES;
				CLANG_ENABLE_OBJC_ARC = YES;
				CLANG_ENABLE_OBJC_WEAK = YES;
				CLANG_WARN_BLOCK_CAPTURE_AUTORELEASING = YES;
				CLANG_WARN_BOOL_CONVERSION = YES;
				CLANG_WARN_COMMA = YES;
				CLANG_WARN_CONSTANT_CONVERSION = YES;
				CLANG_WARN_DEPRECATED_OBJC_IMPLEMENTATIONS = YES;
				CLANG_WARN_DIRECT_OBJC_ISA_USAGE = YES_ERROR;
				CLANG_WARN_DOCUMENTATION_COMMENTS = YES;
				CLANG_WARN_EMPTY_BODY = YES;
				CLANG_WARN_ENUM_CONVERSION = YES;
				CLANG_WARN_INFINITE_RECURSION = YES;
				CLANG_WARN_INT_CONVERSION = YES;
				CLANG_WARN_NON_LITERAL_NULL_CONVERSION = YES;
				CLANG_WARN_OBJC_IMPLICIT_RETAIN_SELF = YES;
				CLANG_WARN_OBJC_LITERAL_CONVERSION = YES;
				CLANG_WARN_OBJC_ROOT_CLASS = YES_ERROR;
				CLANG_WARN_QUOTED_INCLUDE_IN_FRAMEWORK_HEADER = YES;
				CLANG_WARN_RANGE_LOOP_ANALYSIS = YES;
				CLANG_WARN_STRICT_PROTOTYPES = YES;
				CLANG_WARN_SUSPICIOUS_MOVE = YES;
				CLANG_WARN_UNGUARDED_AVAILABILITY = YES_AGGRESSIVE;
				CLANG_WARN_UNREACHABLE_CODE = YES;
				CLANG_WARN__DUPLICATE_METHOD_MATCH = YES;
				COPY_PHASE_STRIP = NO;
				DEBUG_INFORMATION_FORMAT = "dwarf-with-dsym";
				ENABLE_NS_ASSERTIONS = NO;
				ENABLE_STRICT_OBJC_MSGSEND = YES;
				GCC_C_LANGUAGE_STANDARD = gnu11;
				GCC_NO_COMMON_BLOCKS = YES;
				GCC_WARN_64_TO_32_BIT_CONVERSION = YES;
				GCC_WARN_ABOUT_RETURN_TYPE = YES_ERROR;
				GCC_WARN_UNDECLARED_SELECTOR = YES;
				GCC_WARN_UNINITIALIZED_AUTOS = YES_AGGRESSIVE;
				GCC_WARN_UNUSED_FUNCTION = YES;
				GCC_WARN_UNUSED_VARIABLE = YES;
				IPHONEOS_DEPLOYMENT_TARGET = 15.0;
				MTL_ENABLE_DEBUG_INFO = NO;
				MTL_FAST_MATH = YES;
				SDKROOT = iphoneos;
				SWIFT_COMPILATION_MODE = wholemodule;
				SWIFT_OPTIMIZATION_LEVEL = "-O";
				VALIDATE_PRODUCT = YES;
			};
			name = Release;
		};
		715FD4E72714989A0018E57A /* Debug */ = {
			isa = XCBuildConfiguration;
			buildSettings = {
				ASSETCATALOG_COMPILER_APPICON_NAME = AppIcon;
				ASSETCATALOG_COMPILER_GLOBAL_ACCENT_COLOR_NAME = AccentColor;
				CODE_SIGN_STYLE = Automatic;
				CURRENT_PROJECT_VERSION = 1;
				DEVELOPMENT_TEAM = BJ2Y72RG5B;
				GENERATE_INFOPLIST_FILE = YES;
				INFOPLIST_FILE = Lesson_22/Info.plist;
				INFOPLIST_KEY_UIApplicationSupportsIndirectInputEvents = YES;
				INFOPLIST_KEY_UILaunchStoryboardName = LaunchScreen;
				INFOPLIST_KEY_UIMainStoryboardFile = Main;
				INFOPLIST_KEY_UISupportedInterfaceOrientations_iPad = "UIInterfaceOrientationPortrait UIInterfaceOrientationPortraitUpsideDown UIInterfaceOrientationLandscapeLeft UIInterfaceOrientationLandscapeRight";
				INFOPLIST_KEY_UISupportedInterfaceOrientations_iPhone = "UIInterfaceOrientationPortrait UIInterfaceOrientationLandscapeLeft UIInterfaceOrientationLandscapeRight";
				LD_RUNPATH_SEARCH_PATHS = (
					"$(inherited)",
					"@executable_path/Frameworks",
				);
				MARKETING_VERSION = 1.0;
				PRODUCT_BUNDLE_IDENTIFIER = "com.evgeniyNosko.Lesson-22";
				PRODUCT_NAME = "$(TARGET_NAME)";
				SWIFT_EMIT_LOC_STRINGS = YES;
				SWIFT_VERSION = 5.0;
				TARGETED_DEVICE_FAMILY = "1,2";
			};
			name = Debug;
		};
		715FD4E82714989A0018E57A /* Release */ = {
			isa = XCBuildConfiguration;
			buildSettings = {
				ASSETCATALOG_COMPILER_APPICON_NAME = AppIcon;
				ASSETCATALOG_COMPILER_GLOBAL_ACCENT_COLOR_NAME = AccentColor;
				CODE_SIGN_STYLE = Automatic;
				CURRENT_PROJECT_VERSION = 1;
				DEVELOPMENT_TEAM = BJ2Y72RG5B;
				GENERATE_INFOPLIST_FILE = YES;
				INFOPLIST_FILE = Lesson_22/Info.plist;
				INFOPLIST_KEY_UIApplicationSupportsIndirectInputEvents = YES;
				INFOPLIST_KEY_UILaunchStoryboardName = LaunchScreen;
				INFOPLIST_KEY_UIMainStoryboardFile = Main;
				INFOPLIST_KEY_UISupportedInterfaceOrientations_iPad = "UIInterfaceOrientationPortrait UIInterfaceOrientationPortraitUpsideDown UIInterfaceOrientationLandscapeLeft UIInterfaceOrientationLandscapeRight";
				INFOPLIST_KEY_UISupportedInterfaceOrientations_iPhone = "UIInterfaceOrientationPortrait UIInterfaceOrientationLandscapeLeft UIInterfaceOrientationLandscapeRight";
				LD_RUNPATH_SEARCH_PATHS = (
					"$(inherited)",
					"@executable_path/Frameworks",
				);
				MARKETING_VERSION = 1.0;
				PRODUCT_BUNDLE_IDENTIFIER = "com.evgeniyNosko.Lesson-22";
				PRODUCT_NAME = "$(TARGET_NAME)";
				SWIFT_EMIT_LOC_STRINGS = YES;
				SWIFT_VERSION = 5.0;
				TARGETED_DEVICE_FAMILY = "1,2";
			};
			name = Release;
		};
/* End XCBuildConfiguration section */

/* Begin XCConfigurationList section */
		715FD4CD271498980018E57A /* Build configuration list for PBXProject "Lesson_22" */ = {
			isa = XCConfigurationList;
			buildConfigurations = (
				715FD4E42714989A0018E57A /* Debug */,
				715FD4E52714989A0018E57A /* Release */,
			);
			defaultConfigurationIsVisible = 0;
			defaultConfigurationName = Release;
		};
		715FD4E62714989A0018E57A /* Build configuration list for PBXNativeTarget "Lesson_22" */ = {
			isa = XCConfigurationList;
			buildConfigurations = (
				715FD4E72714989A0018E57A /* Debug */,
				715FD4E82714989A0018E57A /* Release */,
			);
			defaultConfigurationIsVisible = 0;
			defaultConfigurationName = Release;
		};
/* End XCConfigurationList section */
	};
	rootObject = 715FD4CA271498980018E57A /* Project object */;
}
